dependencies:
  espressif/esp_websocket_client:
    component_hash: dc00233af846f3a744ada283a300e0d586040aadc3ee67361645ecdce4523672
    dependencies:
    - name: idf
      require: private
      version: '>=5.0'
    source:
      registry_url: https://components.espressif.com/
      type: service
    version: 1.8.0
  idf:
    source:
      type: idf
    version: 5.5.2
direct_dependencies:
- espressif/esp_websocket_client
- idf
manifest_hash: 1ecd92b9a6c729f0b21fa46aceac201536ec87d9d10d975569bb23cc282d6613
target: esp32
version: 2.0.0
